
Microsoft Visual Studio Solution File, Format Version 12.00
# Visual Studio Version 17
VisualStudioVersion = 17.4.33213.308
MinimumVisualStudioVersion = 10.0.40219.1
Project("{FAE04EC0-301F-11D3-BF4B-00C04F79EFBC}") = "AD-project", "AD-project\AD-project.csproj", "{AB0337FA-2E29-4D11-AE37-065BF0FF1255}"
EndProject
Global
	GlobalSection(SolutionConfigurationPlatforms) = preSolution
		Debug|Any CPU = Debug|Any CPU
		Release|Any CPU = Release|Any CPU
	EndGlobalSection
	GlobalSection(ProjectConfigurationPlatforms) = postSolution
		{AB0337FA-2E29-4D11-AE37-065BF0FF1255}.Debug|Any CPU.ActiveCfg = Debug|Any CPU
		{AB0337FA-2E29-4D11-AE37-065BF0FF1255}.Debug|Any CPU.Build.0 = Debug|Any CPU
		{AB0337FA-2E29-4D11-AE37-065BF0FF1255}.Release|Any CPU.ActiveCfg = Release|Any CPU
		{AB0337FA-2E29-4D11-AE37-065BF0FF1255}.Release|Any CPU.Build.0 = Release|Any CPU
	EndGlobalSection
	GlobalSection(SolutionProperties) = preSolution
		HideSolutionNode = FALSE
	EndGlobalSection
	GlobalSection(ExtensibilityGlobals) = postSolution
		SolutionGuid = {CFC1624F-44C2-4170-8085-F4DE872547E4}
	EndGlobalSection
EndGlobal
